
Microsoft Visual Studio Solution File, Format Version 12.00
# Visual Studio Version 17
VisualStudioVersion = 17.14.36705.20 d17.14
MinimumVisualStudioVersion = 10.0.40219.1
Project("{FAE04EC0-301F-11D3-BF4B-00C04F79EFBC}") = "Whallie_DoAnCuoiKyNhapMonCongNghePhanMem", "Whallie_DoAnCuoiKyNhapMonCongNghePhanMem\Whallie_DoAnCuoiKyNhapMonCongNghePhanMem.csproj", "{F27AF911-92AA-41C2-92B6-B7390CA20B52}"
EndProject
Global
	GlobalSection(SolutionConfigurationPlatforms) = preSolution
		Debug|Any CPU = Debug|Any CPU
		Release|Any CPU = Release|Any CPU
	EndGlobalSection
	GlobalSection(ProjectConfigurationPlatforms) = postSolution
		{F27AF911-92AA-41C2-92B6-B7390CA20B52}.Debug|Any CPU.ActiveCfg = Debug|Any CPU
		{F27AF911-92AA-41C2-92B6-B7390CA20B52}.Debug|Any CPU.Build.0 = Debug|Any CPU
		{F27AF911-92AA-41C2-92B6-B7390CA20B52}.Release|Any CPU.ActiveCfg = Release|Any CPU
		{F27AF911-92AA-41C2-92B6-B7390CA20B52}.Release|Any CPU.Build.0 = Release|Any CPU
	EndGlobalSection
	GlobalSection(SolutionProperties) = preSolution
		HideSolutionNode = FALSE
	EndGlobalSection
	GlobalSection(ExtensibilityGlobals) = postSolution
		SolutionGuid = {17994D06-5677-46D4-9DB2-76BEAC1456C3}
	EndGlobalSection
EndGlobal
